
Microsoft Visual Studio Solution File, Format Version 12.00
# Visual Studio Version 16
VisualStudioVersion = 16.0.31229.75
MinimumVisualStudioVersion = 10.0.40219.1
Project("{9A19103F-16F7-4668-BE54-9A1E7A4F7556}") = "CI-DI-Uppgift-1-Salary-Program", "CI-DI-Uppgift-1-Salary-Program.csproj", "{CCAC04F4-E59D-4B9B-AC6A-376E4AF861F3}"
EndProject
Project("{9A19103F-16F7-4668-BE54-9A1E7A4F7556}") = "CI-DI-Uppgift-1-Salary-ProgramTests", "..\Tests\CI-DI-Uppgift-1-Salary-ProgramTests.csproj", "{3792635A-1896-45CD-9324-F62515FEAD9C}"
EndProject
Global
	GlobalSection(SolutionConfigurationPlatforms) = preSolution
		Debug|Any CPU = Debug|Any CPU
		Release|Any CPU = Release|Any CPU
	EndGlobalSection
	GlobalSection(ProjectConfigurationPlatforms) = postSolution
		{CCAC04F4-E59D-4B9B-AC6A-376E4AF861F3}.Debug|Any CPU.ActiveCfg = Debug|Any CPU
		{CCAC04F4-E59D-4B9B-AC6A-376E4AF861F3}.Debug|Any CPU.Build.0 = Debug|Any CPU
		{CCAC04F4-E59D-4B9B-AC6A-376E4AF861F3}.Release|Any CPU.ActiveCfg = Release|Any CPU
		{CCAC04F4-E59D-4B9B-AC6A-376E4AF861F3}.Release|Any CPU.Build.0 = Release|Any CPU
		{3792635A-1896-45CD-9324-F62515FEAD9C}.Debug|Any CPU.ActiveCfg = Debug|Any CPU
		{3792635A-1896-45CD-9324-F62515FEAD9C}.Debug|Any CPU.Build.0 = Debug|Any CPU
		{3792635A-1896-45CD-9324-F62515FEAD9C}.Release|Any CPU.ActiveCfg = Release|Any CPU
		{3792635A-1896-45CD-9324-F62515FEAD9C}.Release|Any CPU.Build.0 = Release|Any CPU
	EndGlobalSection
	GlobalSection(SolutionProperties) = preSolution
		HideSolutionNode = FALSE
	EndGlobalSection
	GlobalSection(ExtensibilityGlobals) = postSolution
		SolutionGuid = {ABE3B22E-2DB4-41A1-B412-CA462A8F91F1}
	EndGlobalSection
EndGlobal
